
Microsoft Visual Studio Solution File, Format Version 12.00
# Visual Studio 15
VisualStudioVersion = 15.0.27130.2010
MinimumVisualStudioVersion = 10.0.40219.1
Project("{8BC9CEB8-8B4A-11D0-8D11-00A0C91BC942}") = "Dijkstra", "Dijkstra\Dijkstra.vcxproj", "{F33982D0-4CEC-4B9C-B201-07F05BDDE044}"
EndProject
Global
	GlobalSection(SolutionConfigurationPlatforms) = preSolution
		Debug|x64 = Debug|x64
		Debug|x86 = Debug|x86
		Release|x64 = Release|x64
		Release|x86 = Release|x86
	EndGlobalSection
	GlobalSection(ProjectConfigurationPlatforms) = postSolution
		{F33982D0-4CEC-4B9C-B201-07F05BDDE044}.Debug|x64.ActiveCfg = Debug|x64
		{F33982D0-4CEC-4B9C-B201-07F05BDDE044}.Debug|x64.Build.0 = Debug|x64
		{F33982D0-4CEC-4B9C-B201-07F05BDDE044}.Debug|x86.ActiveCfg = Debug|Win32
		{F33982D0-4CEC-4B9C-B201-07F05BDDE044}.Debug|x86.Build.0 = Debug|Win32
		{F33982D0-4CEC-4B9C-B201-07F05BDDE044}.Release|x64.ActiveCfg = Release|x64
		{F33982D0-4CEC-4B9C-B201-07F05BDDE044}.Release|x64.Build.0 = Release|x64
		{F33982D0-4CEC-4B9C-B201-07F05BDDE044}.Release|x86.ActiveCfg = Release|Win32
		{F33982D0-4CEC-4B9C-B201-07F05BDDE044}.Release|x86.Build.0 = Release|Win32
	EndGlobalSection
	GlobalSection(SolutionProperties) = preSolution
		HideSolutionNode = FALSE
	EndGlobalSection
	GlobalSection(ExtensibilityGlobals) = postSolution
		SolutionGuid = {AD13C32D-4D91-417B-B793-3E973429F148}
	EndGlobalSection
EndGlobal
